
Microsoft Visual Studio Solution File, Format Version 12.00
# Visual Studio Version 17
VisualStudioVersion = 17.2.32526.322
MinimumVisualStudioVersion = 10.0.40219.1
Project("{FAE04EC0-301F-11D3-BF4B-00C04F79EFBC}") = "linq7", "linq7\linq7.csproj", "{625D0816-ED21-42FF-BFB8-196396DAAA8F}"
EndProject
Global
	GlobalSection(SolutionConfigurationPlatforms) = preSolution
		Debug|Any CPU = Debug|Any CPU
		Release|Any CPU = Release|Any CPU
	EndGlobalSection
	GlobalSection(ProjectConfigurationPlatforms) = postSolution
		{625D0816-ED21-42FF-BFB8-196396DAAA8F}.Debug|Any CPU.ActiveCfg = Debug|Any CPU
		{625D0816-ED21-42FF-BFB8-196396DAAA8F}.Debug|Any CPU.Build.0 = Debug|Any CPU
		{625D0816-ED21-42FF-BFB8-196396DAAA8F}.Release|Any CPU.ActiveCfg = Release|Any CPU
		{625D0816-ED21-42FF-BFB8-196396DAAA8F}.Release|Any CPU.Build.0 = Release|Any CPU
	EndGlobalSection
	GlobalSection(SolutionProperties) = preSolution
		HideSolutionNode = FALSE
	EndGlobalSection
	GlobalSection(ExtensibilityGlobals) = postSolution
		SolutionGuid = {418F86C2-0D62-401C-A7DD-D80D7AE77018}
	EndGlobalSection
EndGlobal
