
Microsoft Visual Studio Solution File, Format Version 12.00
# Visual Studio Version 17
VisualStudioVersion = 17.2.32526.322
MinimumVisualStudioVersion = 10.0.40219.1
Project("{FAE04EC0-301F-11D3-BF4B-00C04F79EFBC}") = "linq6", "linq6\linq6.csproj", "{518FAEA3-9626-456C-A0C6-81E7FE321541}"
EndProject
Global
	GlobalSection(SolutionConfigurationPlatforms) = preSolution
		Debug|Any CPU = Debug|Any CPU
		Release|Any CPU = Release|Any CPU
	EndGlobalSection
	GlobalSection(ProjectConfigurationPlatforms) = postSolution
		{518FAEA3-9626-456C-A0C6-81E7FE321541}.Debug|Any CPU.ActiveCfg = Debug|Any CPU
		{518FAEA3-9626-456C-A0C6-81E7FE321541}.Debug|Any CPU.Build.0 = Debug|Any CPU
		{518FAEA3-9626-456C-A0C6-81E7FE321541}.Release|Any CPU.ActiveCfg = Release|Any CPU
		{518FAEA3-9626-456C-A0C6-81E7FE321541}.Release|Any CPU.Build.0 = Release|Any CPU
	EndGlobalSection
	GlobalSection(SolutionProperties) = preSolution
		HideSolutionNode = FALSE
	EndGlobalSection
	GlobalSection(ExtensibilityGlobals) = postSolution
		SolutionGuid = {C56C20E0-55AC-45B0-A182-CF49F6CCC44B}
	EndGlobalSection
EndGlobal
