
Microsoft Visual Studio Solution File, Format Version 12.00
# Visual Studio Version 17
VisualStudioVersion = 17.2.32526.322
MinimumVisualStudioVersion = 10.0.40219.1
Project("{FAE04EC0-301F-11D3-BF4B-00C04F79EFBC}") = "linq3", "linq3\linq3.csproj", "{090B05EC-A1C5-47BF-86C1-D47E115B55C6}"
EndProject
Global
	GlobalSection(SolutionConfigurationPlatforms) = preSolution
		Debug|Any CPU = Debug|Any CPU
		Release|Any CPU = Release|Any CPU
	EndGlobalSection
	GlobalSection(ProjectConfigurationPlatforms) = postSolution
		{090B05EC-A1C5-47BF-86C1-D47E115B55C6}.Debug|Any CPU.ActiveCfg = Debug|Any CPU
		{090B05EC-A1C5-47BF-86C1-D47E115B55C6}.Debug|Any CPU.Build.0 = Debug|Any CPU
		{090B05EC-A1C5-47BF-86C1-D47E115B55C6}.Release|Any CPU.ActiveCfg = Release|Any CPU
		{090B05EC-A1C5-47BF-86C1-D47E115B55C6}.Release|Any CPU.Build.0 = Release|Any CPU
	EndGlobalSection
	GlobalSection(SolutionProperties) = preSolution
		HideSolutionNode = FALSE
	EndGlobalSection
	GlobalSection(ExtensibilityGlobals) = postSolution
		SolutionGuid = {1436A1AD-2627-4484-8A95-F84FC3F313F6}
	EndGlobalSection
EndGlobal
